
Microsoft Visual Studio Solution File, Format Version 12.00
# Visual Studio Version 17
VisualStudioVersion = 17.7.34018.315
MinimumVisualStudioVersion = 10.0.40219.1
Project("{FAE04EC0-301F-11D3-BF4B-00C04F79EFBC}") = "ProjectA", "ProjectA\ProjectA.csproj", "{D3EAD9B2-99D1-4109-BE98-022515719847}"
EndProject
Global
	GlobalSection(SolutionConfigurationPlatforms) = preSolution
		Debug|Any CPU = Debug|Any CPU
		Release|Any CPU = Release|Any CPU
	EndGlobalSection
	GlobalSection(ProjectConfigurationPlatforms) = postSolution
		{D3EAD9B2-99D1-4109-BE98-022515719847}.Debug|Any CPU.ActiveCfg = Debug|Any CPU
		{D3EAD9B2-99D1-4109-BE98-022515719847}.Debug|Any CPU.Build.0 = Debug|Any CPU
		{D3EAD9B2-99D1-4109-BE98-022515719847}.Release|Any CPU.ActiveCfg = Release|Any CPU
		{D3EAD9B2-99D1-4109-BE98-022515719847}.Release|Any CPU.Build.0 = Release|Any CPU
	EndGlobalSection
	GlobalSection(SolutionProperties) = preSolution
		HideSolutionNode = FALSE
	EndGlobalSection
	GlobalSection(ExtensibilityGlobals) = postSolution
		SolutionGuid = {EE8151F3-8404-4B39-8421-5C25A4B563FA}
	EndGlobalSection
EndGlobal
