
Microsoft Visual Studio Solution File, Format Version 12.00
# Visual Studio Version 17
VisualStudioVersion = 17.7.34018.315
MinimumVisualStudioVersion = 10.0.40219.1
Project("{FAE04EC0-301F-11D3-BF4B-00C04F79EFBC}") = "MvcProject2", "MvcProject2\MvcProject2.csproj", "{4E464D1F-C944-4AF4-9F50-33B55552BC12}"
EndProject
Global
	GlobalSection(SolutionConfigurationPlatforms) = preSolution
		Debug|Any CPU = Debug|Any CPU
		Release|Any CPU = Release|Any CPU
	EndGlobalSection
	GlobalSection(ProjectConfigurationPlatforms) = postSolution
		{4E464D1F-C944-4AF4-9F50-33B55552BC12}.Debug|Any CPU.ActiveCfg = Debug|Any CPU
		{4E464D1F-C944-4AF4-9F50-33B55552BC12}.Debug|Any CPU.Build.0 = Debug|Any CPU
		{4E464D1F-C944-4AF4-9F50-33B55552BC12}.Release|Any CPU.ActiveCfg = Release|Any CPU
		{4E464D1F-C944-4AF4-9F50-33B55552BC12}.Release|Any CPU.Build.0 = Release|Any CPU
	EndGlobalSection
	GlobalSection(SolutionProperties) = preSolution
		HideSolutionNode = FALSE
	EndGlobalSection
	GlobalSection(ExtensibilityGlobals) = postSolution
		SolutionGuid = {F8336BFB-D997-4B24-97B5-E3D403B40E14}
	EndGlobalSection
EndGlobal
